// !$*UTF8*$!
{
	archiveVersion = 1;
	classes = {
	};
	objectVersion = 56;
	objects = {

/* Begin PBXBuildFile section */
		BB05865B2A0F857D00E9D1B7 /* AppDelegate.swift in Sources */ = {isa = PBXBuildFile; fileRef = BB05865A2A0F857D00E9D1B7 /* AppDelegate.swift */; };
		BB05865D2A0F857D00E9D1B7 /* SceneDelegate.swift in Sources */ = {isa = PBXBuildFile; fileRef = BB05865C2A0F857D00E9D1B7 /* SceneDelegate.swift */; };
		BB05865F2A0F857D00E9D1B7 /* ViewController.swift in Sources */ = {isa = PBXBuildFile; fileRef = BB05865E2A0F857D00E9D1B7 /* ViewController.swift */; };
		BB0586622A0F857D00E9D1B7 /* Main.storyboard in Resources */ = {isa = PBXBuildFile; fileRef = BB0586602A0F857D00E9D1B7 /* Main.storyboard */; };
		BB0586642A0F857E00E9D1B7 /* Assets.xcassets in Resources */ = {isa = PBXBuildFile; fileRef = BB0586632A0F857E00E9D1B7 /* Assets.xcassets */; };
		BB0586672A0F857E00E9D1B7 /* LaunchScreen.storyboard in Resources */ = {isa = PBXBuildFile; fileRef = BB0586652A0F857E00E9D1B7 /* LaunchScreen.storyboard */; };
		BB0586712A0FAE1900E9D1B7 /* CustomSubscriber.swift in Sources */ = {isa = PBXBuildFile; fileRef = BB0586702A0FAE1900E9D1B7 /* CustomSubscriber.swift */; };
		BBC9AD752A10FF45008E4AE9 /* SecondViewController.swift in Sources */ = {isa = PBXBuildFile; fileRef = BBC9AD742A10FF45008E4AE9 /* SecondViewController.swift */; };
/* End PBXBuildFile section */

/* Begin PBXFileReference section */
		BB0586572A0F857D00E9D1B7 /* CombineConsole.app */ = {isa = PBXFileReference; explicitFileType = wrapper.application; includeInIndex = 0; path = CombineConsole.app; sourceTree = BUILT_PRODUCTS_DIR; };
		BB05865A2A0F857D00E9D1B7 /* AppDelegate.swift */ = {isa = PBXFileReference; lastKnownFileType = sourcecode.swift; path = AppDelegate.swift; sourceTree = "<group>"; };
		BB05865C2A0F857D00E9D1B7 /* SceneDelegate.swift */ = {isa = PBXFileReference; lastKnownFileType = sourcecode.swift; path = SceneDelegate.swift; sourceTree = "<group>"; };
		BB05865E2A0F857D00E9D1B7 /* ViewController.swift */ = {isa = PBXFileReference; lastKnownFileType = sourcecode.swift; path = ViewController.swift; sourceTree = "<group>"; };
		BB0586612A0F857D00E9D1B7 /* Base */ = {isa = PBXFileReference; lastKnownFileType = file.storyboard; name = Base; path = Base.lproj/Main.storyboard; sourceTree = "<group>"; };
		BB0586632A0F857E00E9D1B7 /* Assets.xcassets */ = {isa = PBXFileReference; lastKnownFileType = folder.assetcatalog; path = Assets.xcassets; sourceTree = "<group>"; };
		BB0586662A0F857E00E9D1B7 /* Base */ = {isa = PBXFileReference; lastKnownFileType = file.storyboard; name = Base; path = Base.lproj/LaunchScreen.storyboard; sourceTree = "<group>"; };
		BB0586682A0F857E00E9D1B7 /* Info.plist */ = {isa = PBXFileReference; lastKnownFileType = text.plist.xml; path = Info.plist; sourceTree = "<group>"; };
		BB0586702A0FAE1900E9D1B7 /* CustomSubscriber.swift */ = {isa = PBXFileReference; lastKnownFileType = sourcecode.swift; path = CustomSubscriber.swift; sourceTree = "<group>"; };
		BBC9AD742A10FF45008E4AE9 /* SecondViewController.swift */ = {isa = PBXFileReference; lastKnownFileType = sourcecode.swift; path = SecondViewController.swift; sourceTree = "<group>"; };
/* End PBXFileReference section */

/* Begin PBXFrameworksBuildPhase section */
		BB0586542A0F857D00E9D1B7 /* Frameworks */ = {
			isa = PBXFrameworksBuildPhase;
			buildActionMask = 2147483647;
			files = (
			);
			runOnlyForDeploymentPostprocessing = 0;
		};
/* End PBXFrameworksBuildPhase section */

/* Begin PBXGroup section */
		BB05864E2A0F857D00E9D1B7 = {
			isa = PBXGroup;
			children = (
				BB0586592A0F857D00E9D1B7 /* CombineConsole */,
				BB0586582A0F857D00E9D1B7 /* Products */,
			);
			sourceTree = "<group>";
		};
		BB0586582A0F857D00E9D1B7 /* Products */ = {
			isa = PBXGroup;
			children = (
				BB0586572A0F857D00E9D1B7 /* CombineConsole.app */,
			);
			name = Products;
			sourceTree = "<group>";
		};
		BB0586592A0F857D00E9D1B7 /* CombineConsole */ = {
			isa = PBXGroup;
			children = (
				BBC9AD722A10FED8008E4AE9 /* Task 1 */,
				BBC9AD732A10FEEA008E4AE9 /* Task 2 */,
				BB05866F2A0F85A400E9D1B7 /* Application */,
				BB05866E2A0F859400E9D1B7 /* Resources */,
				BB0586682A0F857E00E9D1B7 /* Info.plist */,
			);
			path = CombineConsole;
			sourceTree = "<group>";
		};
		BB05866E2A0F859400E9D1B7 /* Resources */ = {
			isa = PBXGroup;
			children = (
				BB0586602A0F857D00E9D1B7 /* Main.storyboard */,
				BB0586632A0F857E00E9D1B7 /* Assets.xcassets */,
				BB0586652A0F857E00E9D1B7 /* LaunchScreen.storyboard */,
			);
			path = Resources;
			sourceTree = "<group>";
		};
		BB05866F2A0F85A400E9D1B7 /* Application */ = {
			isa = PBXGroup;
			children = (
				BB05865A2A0F857D00E9D1B7 /* AppDelegate.swift */,
				BB05865C2A0F857D00E9D1B7 /* SceneDelegate.swift */,
			);
			path = Application;
			sourceTree = "<group>";
		};
		BBC9AD722A10FED8008E4AE9 /* Task 1 */ = {
			isa = PBXGroup;
			children = (
				BB0586702A0FAE1900E9D1B7 /* CustomSubscriber.swift */,
				BB05865E2A0F857D00E9D1B7 /* ViewController.swift */,
			);
			path = "Task 1";
			sourceTree = "<group>";
		};
		BBC9AD732A10FEEA008E4AE9 /* Task 2 */ = {
			isa = PBXGroup;
			children = (
				BBC9AD742A10FF45008E4AE9 /* SecondViewController.swift */,
			);
			path = "Task 2";
			sourceTree = "<group>";
		};
/* End PBXGroup section */

/* Begin PBXNativeTarget section */
		BB0586562A0F857D00E9D1B7 /* CombineConsole */ = {
			isa = PBXNativeTarget;
			buildConfigurationList = BB05866B2A0F857E00E9D1B7 /* Build configuration list for PBXNativeTarget "CombineConsole" */;
			buildPhases = (
				BB0586532A0F857D00E9D1B7 /* Sources */,
				BB0586542A0F857D00E9D1B7 /* Frameworks */,
				BB0586552A0F857D00E9D1B7 /* Resources */,
			);
			buildRules = (
			);
			dependencies = (
			);
			name = CombineConsole;
			productName = CombineConsole;
			productReference = BB0586572A0F857D00E9D1B7 /* CombineConsole.app */;
			productType = "com.apple.product-type.application";
		};
/* End PBXNativeTarget section */

/* Begin PBXProject section */
		BB05864F2A0F857D00E9D1B7 /* Project object */ = {
			isa = PBXProject;
			attributes = {
				BuildIndependentTargetsInParallel = 1;
				LastSwiftUpdateCheck = 1430;
				LastUpgradeCheck = 1430;
				TargetAttributes = {
					BB0586562A0F857D00E9D1B7 = {
						CreatedOnToolsVersion = 14.3;
					};
				};
			};
			buildConfigurationList = BB0586522A0F857D00E9D1B7 /* Build configuration list for PBXProject "CombineConsole" */;
			compatibilityVersion = "Xcode 14.0";
			developmentRegion = en;
			hasScannedForEncodings = 0;
			knownRegions = (
				en,
				Base,
			);
			mainGroup = BB05864E2A0F857D00E9D1B7;
			productRefGroup = BB0586582A0F857D00E9D1B7 /* Products */;
			projectDirPath = "";
			projectRoot = "";
			targets = (
				BB0586562A0F857D00E9D1B7 /* CombineConsole */,
			);
		};
/* End PBXProject section */

/* Begin PBXResourcesBuildPhase section */
		BB0586552A0F857D00E9D1B7 /* Resources */ = {
			isa = PBXResourcesBuildPhase;
			buildActionMask = 2147483647;
			files = (
				BB0586672A0F857E00E9D1B7 /* LaunchScreen.storyboard in Resources */,
				BB0586642A0F857E00E9D1B7 /* Assets.xcassets in Resources */,
				BB0586622A0F857D00E9D1B7 /* Main.storyboard in Resources */,
			);
			runOnlyForDeploymentPostprocessing = 0;
		};
/* End PBXResourcesBuildPhase section */

/* Begin PBXSourcesBuildPhase section */
		BB0586532A0F857D00E9D1B7 /* Sources */ = {
			isa = PBXSourcesBuildPhase;
			buildActionMask = 2147483647;
			files = (
				BB0586712A0FAE1900E9D1B7 /* CustomSubscriber.swift in Sources */,
				BB05865F2A0F857D00E9D1B7 /* ViewController.swift in Sources */,
				BB05865B2A0F857D00E9D1B7 /* AppDelegate.swift in Sources */,
				BBC9AD752A10FF45008E4AE9 /* SecondViewController.swift in Sources */,
				BB05865D2A0F857D00E9D1B7 /* SceneDelegate.swift in Sources */,
			);
			runOnlyForDeploymentPostprocessing = 0;
		};
/* End PBXSourcesBuildPhase section */

/* Begin PBXVariantGroup section */
		BB0586602A0F857D00E9D1B7 /* Main.storyboard */ = {
			isa = PBXVariantGroup;
			children = (
				BB0586612A0F857D00E9D1B7 /* Base */,
			);
			name = Main.storyboard;
			sourceTree = "<group>";
		};
		BB0586652A0F857E00E9D1B7 /* LaunchScreen.storyboard */ = {
			isa = PBXVariantGroup;
			children = (
				BB0586662A0F857E00E9D1B7 /* Base */,
			);
			name = LaunchScreen.storyboard;
			sourceTree = "<group>";
		};
/* End PBXVariantGroup section */

/* Begin XCBuildConfiguration section */
		BB0586692A0F857E00E9D1B7 /* Debug */ = {
			isa = XCBuildConfiguration;
			buildSettings = {
				ALWAYS_SEARCH_USER_PATHS = NO;
				CLANG_ANALYZER_NONNULL = YES;
				CLANG_ANALYZER_NUMBER_OBJECT_CONVERSION = YES_AGGRESSIVE;
				CLANG_CXX_LANGUAGE_STANDARD = "gnu++20";
				CLANG_ENABLE_MODULES = YES;
				CLANG_ENABLE_OBJC_ARC = YES;
				CLANG_ENABLE_OBJC_WEAK = YES;
				CLANG_WARN_BLOCK_CAPTURE_AUTORELEASING = YES;
				CLANG_WARN_BOOL_CONVERSION = YES;
				CLANG_WARN_COMMA = YES;
				CLANG_WARN_CONSTANT_CONVERSION = YES;
				CLANG_WARN_DEPRECATED_OBJC_IMPLEMENTATIONS = YES;
				CLANG_WARN_DIRECT_OBJC_ISA_USAGE = YES_ERROR;
				CLANG_WARN_DOCUMENTATION_COMMENTS = YES;
				CLANG_WARN_EMPTY_BODY = YES;
				CLANG_WARN_ENUM_CONVERSION = YES;
				CLANG_WARN_INFINITE_RECURSION = YES;
				CLANG_WARN_INT_CONVERSION = YES;
				CLANG_WARN_NON_LITERAL_NULL_CONVERSION = YES;
				CLANG_WARN_OBJC_IMPLICIT_RETAIN_SELF = YES;
				CLANG_WARN_OBJC_LITERAL_CONVERSION = YES;
				CLANG_WARN_OBJC_ROOT_CLASS = YES_ERROR;
				CLANG_WARN_QUOTED_INCLUDE_IN_FRAMEWORK_HEADER = YES;
				CLANG_WARN_RANGE_LOOP_ANALYSIS = YES;
				CLANG_WARN_STRICT_PROTOTYPES = YES;
				CLANG_WARN_SUSPICIOUS_MOVE = YES;
				CLANG_WARN_UNGUARDED_AVAILABILITY = YES_AGGRESSIVE;
				CLANG_WARN_UNREACHABLE_CODE = YES;
				CLANG_WARN__DUPLICATE_METHOD_MATCH = YES;
				COPY_PHASE_STRIP = NO;
				DEBUG_INFORMATION_FORMAT = dwarf;
				ENABLE_STRICT_OBJC_MSGSEND = YES;
				ENABLE_TESTABILITY = YES;
				GCC_C_LANGUAGE_STANDARD = gnu11;
				GCC_DYNAMIC_NO_PIC = NO;
				GCC_NO_COMMON_BLOCKS = YES;
				GCC_OPTIMIZATION_LEVEL = 0;
				GCC_PREPROCESSOR_DEFINITIONS = (
					"DEBUG=1",
					"$(inherited)",
				);
				GCC_WARN_64_TO_32_BIT_CONVERSION = YES;
				GCC_WARN_ABOUT_RETURN_TYPE = YES_ERROR;
				GCC_WARN_UNDECLARED_SELECTOR = YES;
				GCC_WARN_UNINITIALIZED_AUTOS = YES_AGGRESSIVE;
				GCC_WARN_UNUSED_FUNCTION = YES;
				GCC_WARN_UNUSED_VARIABLE = YES;
				IPHONEOS_DEPLOYMENT_TARGET = 16.4;
				MTL_ENABLE_DEBUG_INFO = INCLUDE_SOURCE;
				MTL_FAST_MATH = YES;
				ONLY_ACTIVE_ARCH = YES;
				SDKROOT = iphoneos;
				SWIFT_ACTIVE_COMPILATION_CONDITIONS = DEBUG;
				SWIFT_OPTIMIZATION_LEVEL = "-Onone";
			};
			name = Debug;
		};
		BB05866A2A0F857E00E9D1B7 /* Release */ = {
			isa = XCBuildConfiguration;
			buildSettings = {
				ALWAYS_SEARCH_USER_PATHS = NO;
				CLANG_ANALYZER_NONNULL = YES;
				CLANG_ANALYZER_NUMBER_OBJECT_CONVERSION = YES_AGGRESSIVE;
				CLANG_CXX_LANGUAGE_STANDARD = "gnu++20";
				CLANG_ENABLE_MODULES = YES;
				CLANG_ENABLE_OBJC_ARC = YES;
				CLANG_ENABLE_OBJC_WEAK = YES;
				CLANG_WARN_BLOCK_CAPTURE_AUTORELEASING = YES;
				CLANG_WARN_BOOL_CONVERSION = YES;
				CLANG_WARN_COMMA = YES;
				CLANG_WARN_CONSTANT_CONVERSION = YES;
				CLANG_WARN_DEPRECATED_OBJC_IMPLEMENTATIONS = YES;
				CLANG_WARN_DIRECT_OBJC_ISA_USAGE = YES_ERROR;
				CLANG_WARN_DOCUMENTATION_COMMENTS = YES;
				CLANG_WARN_EMPTY_BODY = YES;
				CLANG_WARN_ENUM_CONVERSION = YES;
				CLANG_WARN_INFINITE_RECURSION = YES;
				CLANG_WARN_INT_CONVERSION = YES;
				CLANG_WARN_NON_LITERAL_NULL_CONVERSION = YES;
				CLANG_WARN_OBJC_IMPLICIT_RETAIN_SELF = YES;
				CLANG_WARN_OBJC_LITERAL_CONVERSION = YES;
				CLANG_WARN_OBJC_ROOT_CLASS = YES_ERROR;
				CLANG_WARN_QUOTED_INCLUDE_IN_FRAMEWORK_HEADER = YES;
				CLANG_WARN_RANGE_LOOP_ANALYSIS = YES;
				CLANG_WARN_STRICT_PROTOTYPES = YES;
				CLANG_WARN_SUSPICIOUS_MOVE = YES;
				CLANG_WARN_UNGUARDED_AVAILABILITY = YES_AGGRESSIVE;
				CLANG_WARN_UNREACHABLE_CODE = YES;
				CLANG_WARN__DUPLICATE_METHOD_MATCH = YES;
				COPY_PHASE_STRIP = NO;
				DEBUG_INFORMATION_FORMAT = "dwarf-with-dsym";
				ENABLE_NS_ASSERTIONS = NO;
				ENABLE_STRICT_OBJC_MSGSEND = YES;
				GCC_C_LANGUAGE_STANDARD = gnu11;
				GCC_NO_COMMON_BLOCKS = YES;
				GCC_WARN_64_TO_32_BIT_CONVERSION = YES;
				GCC_WARN_ABOUT_RETURN_TYPE = YES_ERROR;
				GCC_WARN_UNDECLARED_SELECTOR = YES;
				GCC_WARN_UNINITIALIZED_AUTOS = YES_AGGRESSIVE;
				GCC_WARN_UNUSED_FUNCTION = YES;
				GCC_WARN_UNUSED_VARIABLE = YES;
				IPHONEOS_DEPLOYMENT_TARGET = 16.4;
				MTL_ENABLE_DEBUG_INFO = NO;
				MTL_FAST_MATH = YES;
				SDKROOT = iphoneos;
				SWIFT_COMPILATION_MODE = wholemodule;
				SWIFT_OPTIMIZATION_LEVEL = "-O";
				VALIDATE_PRODUCT = YES;
			};
			name = Release;
		};
		BB05866C2A0F857E00E9D1B7 /* Debug */ = {
			isa = XCBuildConfiguration;
			buildSettings = {
				ASSETCATALOG_COMPILER_APPICON_NAME = AppIcon;
				ASSETCATALOG_COMPILER_GLOBAL_ACCENT_COLOR_NAME = AccentColor;
				CODE_SIGN_STYLE = Automatic;
				CURRENT_PROJECT_VERSION = 1;
				DEVELOPMENT_TEAM = 3HD2DR99MJ;
				GENERATE_INFOPLIST_FILE = YES;
				INFOPLIST_FILE = CombineConsole/Info.plist;
				INFOPLIST_KEY_UIApplicationSupportsIndirectInputEvents = YES;
				INFOPLIST_KEY_UILaunchStoryboardName = LaunchScreen;
				INFOPLIST_KEY_UIMainStoryboardFile = Main;
				INFOPLIST_KEY_UISupportedInterfaceOrientations_iPad = "UIInterfaceOrientationPortrait UIInterfaceOrientationPortraitUpsideDown UIInterfaceOrientationLandscapeLeft UIInterfaceOrientationLandscapeRight";
				INFOPLIST_KEY_UISupportedInterfaceOrientations_iPhone = "UIInterfaceOrientationPortrait UIInterfaceOrientationLandscapeLeft UIInterfaceOrientationLandscapeRight";
				LD_RUNPATH_SEARCH_PATHS = (
					"$(inherited)",
					"@executable_path/Frameworks",
				);
				MARKETING_VERSION = 1.0;
				PRODUCT_BUNDLE_IDENTIFIER = firstConsole.CombineConsole;
				PRODUCT_NAME = "$(TARGET_NAME)";
				SWIFT_EMIT_LOC_STRINGS = YES;
				SWIFT_VERSION = 5.0;
				TARGETED_DEVICE_FAMILY = "1,2";
			};
			name = Debug;
		};
		BB05866D2A0F857E00E9D1B7 /* Release */ = {
			isa = XCBuildConfiguration;
			buildSettings = {
				ASSETCATALOG_COMPILER_APPICON_NAME = AppIcon;
				ASSETCATALOG_COMPILER_GLOBAL_ACCENT_COLOR_NAME = AccentColor;
				CODE_SIGN_STYLE = Automatic;
				CURRENT_PROJECT_VERSION = 1;
				DEVELOPMENT_TEAM = 3HD2DR99MJ;
				GENERATE_INFOPLIST_FILE = YES;
				INFOPLIST_FILE = CombineConsole/Info.plist;
				INFOPLIST_KEY_UIApplicationSupportsIndirectInputEvents = YES;
				INFOPLIST_KEY_UILaunchStoryboardName = LaunchScreen;
				INFOPLIST_KEY_UIMainStoryboardFile = Main;
				INFOPLIST_KEY_UISupportedInterfaceOrientations_iPad = "UIInterfaceOrientationPortrait UIInterfaceOrientationPortraitUpsideDown UIInterfaceOrientationLandscapeLeft UIInterfaceOrientationLandscapeRight";
				INFOPLIST_KEY_UISupportedInterfaceOrientations_iPhone = "UIInterfaceOrientationPortrait UIInterfaceOrientationLandscapeLeft UIInterfaceOrientationLandscapeRight";
				LD_RUNPATH_SEARCH_PATHS = (
					"$(inherited)",
					"@executable_path/Frameworks",
				);
				MARKETING_VERSION = 1.0;
				PRODUCT_BUNDLE_IDENTIFIER = firstConsole.CombineConsole;
				PRODUCT_NAME = "$(TARGET_NAME)";
				SWIFT_EMIT_LOC_STRINGS = YES;
				SWIFT_VERSION = 5.0;
				TARGETED_DEVICE_FAMILY = "1,2";
			};
			name = Release;
		};
/* End XCBuildConfiguration section */

/* Begin XCConfigurationList section */
		BB0586522A0F857D00E9D1B7 /* Build configuration list for PBXProject "CombineConsole" */ = {
			isa = XCConfigurationList;
			buildConfigurations = (
				BB0586692A0F857E00E9D1B7 /* Debug */,
				BB05866A2A0F857E00E9D1B7 /* Release */,
			);
			defaultConfigurationIsVisible = 0;
			defaultConfigurationName = Release;
		};
		BB05866B2A0F857E00E9D1B7 /* Build configuration list for PBXNativeTarget "CombineConsole" */ = {
			isa = XCConfigurationList;
			buildConfigurations = (
				BB05866C2A0F857E00E9D1B7 /* Debug */,
				BB05866D2A0F857E00E9D1B7 /* Release */,
			);
			defaultConfigurationIsVisible = 0;
			defaultConfigurationName = Release;
		};
/* End XCConfigurationList section */
	};
	rootObject = BB05864F2A0F857D00E9D1B7 /* Project object */;
}
